
Microsoft Visual Studio Solution File, Format Version 12.00
# Visual Studio Version 17
VisualStudioVersion = 17.9.34616.47
MinimumVisualStudioVersion = 10.0.40219.1
Project("{8BC9CEB8-8B4A-11D0-8D11-00A0C91BC942}") = "PERTEMUANKEDUA", "PERTEMUANKEDUA\PERTEMUANKEDUA.vcxproj", "{C7E0E201-36E0-4E13-8C01-64B60BCD7B62}"
EndProject
Project("{8BC9CEB8-8B4A-11D0-8D11-00A0C91BC942}") = "PERTEMUANKEDUARani 2", "PERTEMUANKEDUARani 2\PERTEMUANKEDUARani 2.vcxproj", "{CBD2751F-E193-44AD-AC95-E38ED433688E}"
EndProject
Project("{8BC9CEB8-8B4A-11D0-8D11-00A0C91BC942}") = "PERTEMUANKEDUARani 3", "PERTEMUANKEDUARani 3\PERTEMUANKEDUARani 3.vcxproj", "{256CD426-BA59-4CF2-B59B-D0253AB90AC6}"
EndProject
Project("{8BC9CEB8-8B4A-11D0-8D11-00A0C91BC942}") = "PERTEMUANKEDUARani 4", "PERTEMUANKEDUARani 4\PERTEMUANKEDUARani 4.vcxproj", "{B0CDC3C3-2D17-4540-81AA-450378AB2BED}"
EndProject
Project("{8BC9CEB8-8B4A-11D0-8D11-00A0C91BC942}") = "PERTEMUANKEDUARani 5", "PERTEMUANKEDUARani 5\PERTEMUANKEDUARani 5.vcxproj", "{2202967B-6554-465B-88FC-191095929181}"
EndProject
Global
	GlobalSection(SolutionConfigurationPlatforms) = preSolution
		Debug|x64 = Debug|x64
		Debug|x86 = Debug|x86
		Release|x64 = Release|x64
		Release|x86 = Release|x86
	EndGlobalSection
	GlobalSection(ProjectConfigurationPlatforms) = postSolution
		{C7E0E201-36E0-4E13-8C01-64B60BCD7B62}.Debug|x64.ActiveCfg = Debug|x64
		{C7E0E201-36E0-4E13-8C01-64B60BCD7B62}.Debug|x64.Build.0 = Debug|x64
		{C7E0E201-36E0-4E13-8C01-64B60BCD7B62}.Debug|x86.ActiveCfg = Debug|Win32
		{C7E0E201-36E0-4E13-8C01-64B60BCD7B62}.Debug|x86.Build.0 = Debug|Win32
		{C7E0E201-36E0-4E13-8C01-64B60BCD7B62}.Release|x64.ActiveCfg = Release|x64
		{C7E0E201-36E0-4E13-8C01-64B60BCD7B62}.Release|x64.Build.0 = Release|x64
		{C7E0E201-36E0-4E13-8C01-64B60BCD7B62}.Release|x86.ActiveCfg = Release|Win32
		{C7E0E201-36E0-4E13-8C01-64B60BCD7B62}.Release|x86.Build.0 = Release|Win32
		{CBD2751F-E193-44AD-AC95-E38ED433688E}.Debug|x64.ActiveCfg = Debug|x64
		{CBD2751F-E193-44AD-AC95-E38ED433688E}.Debug|x64.Build.0 = Debug|x64
		{CBD2751F-E193-44AD-AC95-E38ED433688E}.Debug|x86.ActiveCfg = Debug|Win32
		{CBD2751F-E193-44AD-AC95-E38ED433688E}.Debug|x86.Build.0 = Debug|Win32
		{CBD2751F-E193-44AD-AC95-E38ED433688E}.Release|x64.ActiveCfg = Release|x64
		{CBD2751F-E193-44AD-AC95-E38ED433688E}.Release|x64.Build.0 = Release|x64
		{CBD2751F-E193-44AD-AC95-E38ED433688E}.Release|x86.ActiveCfg = Release|Win32
		{CBD2751F-E193-44AD-AC95-E38ED433688E}.Release|x86.Build.0 = Release|Win32
		{256CD426-BA59-4CF2-B59B-D0253AB90AC6}.Debug|x64.ActiveCfg = Debug|x64
		{256CD426-BA59-4CF2-B59B-D0253AB90AC6}.Debug|x64.Build.0 = Debug|x64
		{256CD426-BA59-4CF2-B59B-D0253AB90AC6}.Debug|x86.ActiveCfg = Debug|Win32
		{256CD426-BA59-4CF2-B59B-D0253AB90AC6}.Debug|x86.Build.0 = Debug|Win32
		{256CD426-BA59-4CF2-B59B-D0253AB90AC6}.Release|x64.ActiveCfg = Release|x64
		{256CD426-BA59-4CF2-B59B-D0253AB90AC6}.Release|x64.Build.0 = Release|x64
		{256CD426-BA59-4CF2-B59B-D0253AB90AC6}.Release|x86.ActiveCfg = Release|Win32
		{256CD426-BA59-4CF2-B59B-D0253AB90AC6}.Release|x86.Build.0 = Release|Win32
		{B0CDC3C3-2D17-4540-81AA-450378AB2BED}.Debug|x64.ActiveCfg = Debug|x64
		{B0CDC3C3-2D17-4540-81AA-450378AB2BED}.Debug|x64.Build.0 = Debug|x64
		{B0CDC3C3-2D17-4540-81AA-450378AB2BED}.Debug|x86.ActiveCfg = Debug|Win32
		{B0CDC3C3-2D17-4540-81AA-450378AB2BED}.Debug|x86.Build.0 = Debug|Win32
		{B0CDC3C3-2D17-4540-81AA-450378AB2BED}.Release|x64.ActiveCfg = Release|x64
		{B0CDC3C3-2D17-4540-81AA-450378AB2BED}.Release|x64.Build.0 = Release|x64
		{B0CDC3C3-2D17-4540-81AA-450378AB2BED}.Release|x86.ActiveCfg = Release|Win32
		{B0CDC3C3-2D17-4540-81AA-450378AB2BED}.Release|x86.Build.0 = Release|Win32
		{2202967B-6554-465B-88FC-191095929181}.Debug|x64.ActiveCfg = Debug|x64
		{2202967B-6554-465B-88FC-191095929181}.Debug|x64.Build.0 = Debug|x64
		{2202967B-6554-465B-88FC-191095929181}.Debug|x86.ActiveCfg = Debug|Win32
		{2202967B-6554-465B-88FC-191095929181}.Debug|x86.Build.0 = Debug|Win32
		{2202967B-6554-465B-88FC-191095929181}.Release|x64.ActiveCfg = Release|x64
		{2202967B-6554-465B-88FC-191095929181}.Release|x64.Build.0 = Release|x64
		{2202967B-6554-465B-88FC-191095929181}.Release|x86.ActiveCfg = Release|Win32
		{2202967B-6554-465B-88FC-191095929181}.Release|x86.Build.0 = Release|Win32
	EndGlobalSection
	GlobalSection(SolutionProperties) = preSolution
		HideSolutionNode = FALSE
	EndGlobalSection
	GlobalSection(ExtensibilityGlobals) = postSolution
		SolutionGuid = {B3058B64-30D4-475D-A740-DECC7C58E3F4}
	EndGlobalSection
EndGlobal
